{
  "name": "canon",
  "version": "1.0.0",
  "lockfileVersion": 1,
  "requires": true,
  "dependencies": {
    "@babel/runtime": {
      "version": "7.17.0",
      "resolved": "https://registry.npmjs.org/@babel/runtime/-/runtime-7.17.0.tgz",
      "integrity": "sha512-etcO/ohMNaNA2UBdaXBBSX/3aEzFMRrVfaPv8Ptc0k+cWpWW0QFiGZ2XnVqQZI1Cf734LbPGmqBKWESfW4x/dQ==",
      "requires": {
        "regenerator-runtime": "^0.13.4"
      }
    },
    "adler-32": {
      "version": "1.3.0",
      "resolved": "https://registry.npmjs.org/adler-32/-/adler-32-1.3.0.tgz",
      "integrity": "sha512-f5nltvjl+PRUh6YNfUstRaXwJxtfnKEWhAWWlmKvh+Y3J2+98a0KKVYDEhz6NdKGqswLhjNGznxfSsZGOvOd9g==",
      "requires": {
        "printj": "~1.2.2"
      }
    },
    "axios": {
      "version": "0.25.0",
      "resolved": "https://registry.npmjs.org/axios/-/axios-0.25.0.tgz",
      "integrity": "sha512-cD8FOb0tRH3uuEe6+evtAbgJtfxr7ly3fQjYcMcuPlgkwVS9xboaVIpcDV+cYQe+yGykgwZCs1pzjntcGa6l5g==",
      "requires": {
        "follow-redirects": "^1.14.7"
      }
    },
    "boolbase": {
      "version": "1.0.0",
      "resolved": "https://registry.npmjs.org/boolbase/-/boolbase-1.0.0.tgz",
      "integrity": "sha1-aN/1++YMUes3cl6p4+0xDcwed24="
    },
    "buffer-from": {
      "version": "1.1.2",
      "resolved": "https://registry.npmjs.org/buffer-from/-/buffer-from-1.1.2.tgz",
      "integrity": "sha512-E+XQCRwSbaaiChtv6k6Dwgc+bx+Bs6vuKJHHl5kox/BaKbhiXzqQOwK4cO22yElGp2OCmjwVhT3HmxgyPGnJfQ=="
    },
    "cfb": {
      "version": "1.2.1",
      "resolved": "https://registry.npmjs.org/cfb/-/cfb-1.2.1.tgz",
      "integrity": "sha512-wT2ScPAFGSVy7CY+aauMezZBnNrfnaLSrxHUHdea+Td/86vrk6ZquggV+ssBR88zNs0OnBkL2+lf9q0K+zVGzQ==",
      "requires": {
        "adler-32": "~1.3.0",
        "crc-32": "~1.2.0",
        "printj": "~1.3.0"
      },
      "dependencies": {
        "printj": {
          "version": "1.3.1",
          "resolved": "https://registry.npmjs.org/printj/-/printj-1.3.1.tgz",
          "integrity": "sha512-GA3TdL8szPK4AQ2YnOe/b+Y1jUFwmmGMMK/qbY7VcE3Z7FU8JstbKiKRzO6CIiAKPhTO8m01NoQ0V5f3jc4OGg=="
        }
      }
    },
    "cheerio": {
      "version": "1.0.0-rc.10",
      "resolved": "https://registry.npmjs.org/cheerio/-/cheerio-1.0.0-rc.10.tgz",
      "integrity": "sha512-g0J0q/O6mW8z5zxQ3A8E8J1hUgp4SMOvEoW/x84OwyHKe/Zccz83PVT4y5Crcr530FV6NgmKI1qvGTKVl9XXVw==",
      "requires": {
        "cheerio-select": "^1.5.0",
        "dom-serializer": "^1.3.2",
        "domhandler": "^4.2.0",
        "htmlparser2": "^6.1.0",
        "parse5": "^6.0.1",
        "parse5-htmlparser2-tree-adapter": "^6.0.1",
        "tslib": "^2.2.0"
      }
    },
    "cheerio-select": {
      "version": "1.5.0",
      "resolved": "https://registry.npmjs.org/cheerio-select/-/cheerio-select-1.5.0.tgz",
      "integrity": "sha512-qocaHPv5ypefh6YNxvnbABM07KMxExbtbfuJoIie3iZXX1ERwYmJcIiRrr9H05ucQP1k28dav8rpdDgjQd8drg==",
      "requires": {
        "css-select": "^4.1.3",
        "css-what": "^5.0.1",
        "domelementtype": "^2.2.0",
        "domhandler": "^4.2.0",
        "domutils": "^2.7.0"
      }
    },
    "codepage": {
      "version": "1.15.0",
      "resolved": "https://registry.npmjs.org/codepage/-/codepage-1.15.0.tgz",
      "integrity": "sha512-3g6NUTPd/YtuuGrhMnOMRjFc+LJw/bnMp3+0r/Wcz3IXUuCosKRJvMphm5+Q+bvTVGcJJuRvVLuYba+WojaFaA=="
    },
    "crc-32": {
      "version": "1.2.1",
      "resolved": "https://registry.npmjs.org/crc-32/-/crc-32-1.2.1.tgz",
      "integrity": "sha512-Dn/xm/1vFFgs3nfrpEVScHoIslO9NZRITWGz/1E/St6u4xw99vfZzVkW0OSnzx2h9egej9xwMCEut6sqwokM/w==",
      "requires": {
        "exit-on-epipe": "~1.0.1",
        "printj": "~1.3.1"
      },
      "dependencies": {
        "printj": {
          "version": "1.3.1",
          "resolved": "https://registry.npmjs.org/printj/-/printj-1.3.1.tgz",
          "integrity": "sha512-GA3TdL8szPK4AQ2YnOe/b+Y1jUFwmmGMMK/qbY7VcE3Z7FU8JstbKiKRzO6CIiAKPhTO8m01NoQ0V5f3jc4OGg=="
        }
      }
    },
    "css-select": {
      "version": "4.2.1",
      "resolved": "https://registry.npmjs.org/css-select/-/css-select-4.2.1.tgz",
      "integrity": "sha512-/aUslKhzkTNCQUB2qTX84lVmfia9NyjP3WpDGtj/WxhwBzWBYUV3DgUpurHTme8UTPcPlAD1DJ+b0nN/t50zDQ==",
      "requires": {
        "boolbase": "^1.0.0",
        "css-what": "^5.1.0",
        "domhandler": "^4.3.0",
        "domutils": "^2.8.0",
        "nth-check": "^2.0.1"
      }
    },
    "css-what": {
      "version": "5.1.0",
      "resolved": "https://registry.npmjs.org/css-what/-/css-what-5.1.0.tgz",
      "integrity": "sha512-arSMRWIIFY0hV8pIxZMEfmMI47Wj3R/aWpZDDxWYCPEiOMv6tfOrnpDtgxBYPEQD4V0Y/958+1TdC3iWTFcUPw=="
    },
    "dom-serializer": {
      "version": "1.3.2",
      "resolved": "https://registry.npmjs.org/dom-serializer/-/dom-serializer-1.3.2.tgz",
      "integrity": "sha512-5c54Bk5Dw4qAxNOI1pFEizPSjVsx5+bpJKmL2kPn8JhBUq2q09tTCa3mjijun2NfK78NMouDYNMBkOrPZiS+ig==",
      "requires": {
        "domelementtype": "^2.0.1",
        "domhandler": "^4.2.0",
        "entities": "^2.0.0"
      }
    },
    "domelementtype": {
      "version": "2.2.0",
      "resolved": "https://registry.npmjs.org/domelementtype/-/domelementtype-2.2.0.tgz",
      "integrity": "sha512-DtBMo82pv1dFtUmHyr48beiuq792Sxohr+8Hm9zoxklYPfa6n0Z3Byjj2IV7bmr2IyqClnqEQhfgHJJ5QF0R5A=="
    },
    "domhandler": {
      "version": "4.3.0",
      "resolved": "https://registry.npmjs.org/domhandler/-/domhandler-4.3.0.tgz",
      "integrity": "sha512-fC0aXNQXqKSFTr2wDNZDhsEYjCiYsDWl3D01kwt25hm1YIPyDGHvvi3rw+PLqHAl/m71MaiF7d5zvBr0p5UB2g==",
      "requires": {
        "domelementtype": "^2.2.0"
      }
    },
    "domutils": {
      "version": "2.8.0",
      "resolved": "https://registry.npmjs.org/domutils/-/domutils-2.8.0.tgz",
      "integrity": "sha512-w96Cjofp72M5IIhpjgobBimYEfoPjx1Vx0BSX9P30WBdZW2WIKU0T1Bd0kz2eNZ9ikjKgHbEyKx8BB6H1L3h3A==",
      "requires": {
        "dom-serializer": "^1.0.1",
        "domelementtype": "^2.2.0",
        "domhandler": "^4.2.0"
      }
    },
    "entities": {
      "version": "2.2.0",
      "resolved": "https://registry.npmjs.org/entities/-/entities-2.2.0.tgz",
      "integrity": "sha512-p92if5Nz619I0w+akJrLZH0MX0Pb5DX39XOwQTtXSdQQOaYH03S1uIQp4mhOZtAXrxq4ViO67YTiLBo2638o9A=="
    },
    "eventemitter3": {
      "version": "3.1.2",
      "resolved": "https://registry.npmjs.org/eventemitter3/-/eventemitter3-3.1.2.tgz",
      "integrity": "sha512-tvtQIeLVHjDkJYnzf2dgVMxfuSGJeM/7UCG17TT4EumTfNtF+0nebF/4zWOIkCreAbtNqhGEboB6BWrwqNaw4Q=="
    },
    "exit-on-epipe": {
      "version": "1.0.1",
      "resolved": "https://registry.npmjs.org/exit-on-epipe/-/exit-on-epipe-1.0.1.tgz",
      "integrity": "sha512-h2z5mrROTxce56S+pnvAV890uu7ls7f1kEvVGJbw1OlFH3/mlJ5bkXu0KRyW94v37zzHPiUd55iLn3DA7TjWpw=="
    },
    "follow-redirects": {
      "version": "1.14.7",
      "resolved": "https://registry.npmjs.org/follow-redirects/-/follow-redirects-1.14.7.tgz",
      "integrity": "sha512-+hbxoLbFMbRKDwohX8GkTataGqO6Jb7jGwpAlwgy2bIz25XtRm7KEzJM76R1WiNT5SwZkX4Y75SwBolkpmE7iQ=="
    },
    "frac": {
      "version": "1.1.2",
      "resolved": "https://registry.npmjs.org/frac/-/frac-1.1.2.tgz",
      "integrity": "sha512-w/XBfkibaTl3YDqASwfDUqkna4Z2p9cFSr1aHDt0WoMTECnRfBOv2WArlZILlqgWlmdIlALXGpM2AOhEk5W3IA=="
    },
    "fs-extra": {
      "version": "10.0.0",
      "resolved": "https://registry.npmjs.org/fs-extra/-/fs-extra-10.0.0.tgz",
      "integrity": "sha512-C5owb14u9eJwizKGdchcDUQeFtlSHHthBk8pbX9Vc1PFZrLombudjDnNns88aYslCyF6IY5SUw3Roz6xShcEIQ==",
      "requires": {
        "graceful-fs": "^4.2.0",
        "jsonfile": "^6.0.1",
        "universalify": "^2.0.0"
      }
    },
    "graceful-fs": {
      "version": "4.2.9",
      "resolved": "https://registry.npmjs.org/graceful-fs/-/graceful-fs-4.2.9.tgz",
      "integrity": "sha512-NtNxqUcXgpW2iMrfqSfR73Glt39K+BLwWsPs94yR63v45T0Wbej7eRmL5cWfwEgqXnmjQp3zaJTshdRW/qC2ZQ=="
    },
    "htmlparser2": {
      "version": "6.1.0",
      "resolved": "https://registry.npmjs.org/htmlparser2/-/htmlparser2-6.1.0.tgz",
      "integrity": "sha512-gyyPk6rgonLFEDGoeRgQNaEUvdJ4ktTmmUh/h2t7s+M8oPpIPxgNACWa+6ESR57kXstwqPiCut0V8NRpcwgU7A==",
      "requires": {
        "domelementtype": "^2.0.1",
        "domhandler": "^4.0.0",
        "domutils": "^2.5.2",
        "entities": "^2.0.0"
      }
    },
    "jsonfile": {
      "version": "6.1.0",
      "resolved": "https://registry.npmjs.org/jsonfile/-/jsonfile-6.1.0.tgz",
      "integrity": "sha512-5dgndWOriYSm5cnYaJNhalLNDKOqFwyDB/rr1E9ZsGciGvKPs8R2xYGCacuf3z6K1YKDz182fd+fY3cn3pMqXQ==",
      "requires": {
        "graceful-fs": "^4.1.6",
        "universalify": "^2.0.0"
      }
    },
    "lodash": {
      "version": "4.17.21",
      "resolved": "https://registry.npmjs.org/lodash/-/lodash-4.17.21.tgz",
      "integrity": "sha512-v2kDEe57lecTulaDIuNTPy3Ry4gLGJ6Z1O3vE1krgXZNrsQ+LFTGHVxVjcXPs17LhbZVGedAJv8XZ1tvj5FvSg=="
    },
    "node-xlsx": {
      "version": "0.16.2",
      "resolved": "https://registry.npmjs.org/node-xlsx/-/node-xlsx-0.16.2.tgz",
      "integrity": "sha512-ZT3Y4Zg2BFC2UWdp9B/6x3GqrFL0Bf0cXKy9IyhcwlKbcDAf5GuPAPSqrWFQK68NIpfTNA1Kr/NNjpwYxUgHTA==",
      "requires": {
        "@babel/runtime": "^7.14.6",
        "buffer-from": "^1.1.1",
        "xlsx": "^0.17.0"
      },
      "dependencies": {
        "adler-32": {
          "version": "1.2.0",
          "resolved": "https://registry.npmjs.org/adler-32/-/adler-32-1.2.0.tgz",
          "integrity": "sha1-aj5r8KY5ALoVZSgIyxXGgT0aXyU=",
          "requires": {
            "exit-on-epipe": "~1.0.1",
            "printj": "~1.1.0"
          }
        },
        "printj": {
          "version": "1.1.2",
          "resolved": "https://registry.npmjs.org/printj/-/printj-1.1.2.tgz",
          "integrity": "sha512-zA2SmoLaxZyArQTOPj5LXecR+RagfPSU5Kw1qP+jkWeNlrq+eJZyY2oS68SU1Z/7/myXM4lo9716laOFAVStCQ=="
        },
        "xlsx": {
          "version": "0.17.5",
          "resolved": "https://registry.npmjs.org/xlsx/-/xlsx-0.17.5.tgz",
          "integrity": "sha512-lXNU0TuYsvElzvtI6O7WIVb9Zar1XYw7Xb3VAx2wn8N/n0whBYrCnHMxtFyIiUU1Wjf09WzmLALDfBO5PqTb1g==",
          "requires": {
            "adler-32": "~1.2.0",
            "cfb": "^1.1.4",
            "codepage": "~1.15.0",
            "crc-32": "~1.2.0",
            "ssf": "~0.11.2",
            "wmf": "~1.0.1",
            "word": "~0.3.0"
          }
        }
      }
    },
    "nth-check": {
      "version": "2.0.1",
      "resolved": "https://registry.npmjs.org/nth-check/-/nth-check-2.0.1.tgz",
      "integrity": "sha512-it1vE95zF6dTT9lBsYbxvqh0Soy4SPowchj0UBGj/V6cTPnXXtQOPUbhZ6CmGzAD/rW22LQK6E96pcdJXk4A4w==",
      "requires": {
        "boolbase": "^1.0.0"
      }
    },
    "p-finally": {
      "version": "1.0.0",
      "resolved": "https://registry.npmjs.org/p-finally/-/p-finally-1.0.0.tgz",
      "integrity": "sha1-P7z7FbiZpEEjs0ttzBi3JDNqLK4="
    },
    "p-queue": {
      "version": "6.0.1",
      "resolved": "https://registry.npmjs.org/p-queue/-/p-queue-6.0.1.tgz",
      "integrity": "sha512-9Y06Mp2GkJsuH7SApSXK7CDf34ZSu09tPDI3bM4z+EiX6X4lYzZBNS7zlh6Pe550Ya906JQo834iVjKcDOsqqA==",
      "requires": {
        "eventemitter3": "^3.1.0",
        "p-timeout": "^3.1.0"
      }
    },
    "p-timeout": {
      "version": "3.2.0",
      "resolved": "https://registry.npmjs.org/p-timeout/-/p-timeout-3.2.0.tgz",
      "integrity": "sha512-rhIwUycgwwKcP9yTOOFK/AKsAopjjCakVqLHePO3CC6Mir1Z99xT+R63jZxAT5lFZLa2inS5h+ZS2GvR99/FBg==",
      "requires": {
        "p-finally": "^1.0.0"
      }
    },
    "parse5": {
      "version": "6.0.1",
      "resolved": "https://registry.npmjs.org/parse5/-/parse5-6.0.1.tgz",
      "integrity": "sha512-Ofn/CTFzRGTTxwpNEs9PP93gXShHcTq255nzRYSKe8AkVpZY7e1fpmTfOyoIvjP5HG7Z2ZM7VS9PPhQGW2pOpw=="
    },
    "parse5-htmlparser2-tree-adapter": {
      "version": "6.0.1",
      "resolved": "https://registry.npmjs.org/parse5-htmlparser2-tree-adapter/-/parse5-htmlparser2-tree-adapter-6.0.1.tgz",
      "integrity": "sha512-qPuWvbLgvDGilKc5BoicRovlT4MtYT6JfJyBOMDsKoiT+GiuP5qyrPCnR9HcPECIJJmZh5jRndyNThnhhb/vlA==",
      "requires": {
        "parse5": "^6.0.1"
      }
    },
    "printj": {
      "version": "1.2.3",
      "resolved": "https://registry.npmjs.org/printj/-/printj-1.2.3.tgz",
      "integrity": "sha512-sanczS6xOJOg7IKDvi4sGOUOe7c1tsEzjwlLFH/zgwx/uyImVM9/rgBkc8AfiQa/Vg54nRd8mkm9yI7WV/O+WA=="
    },
    "regenerator-runtime": {
      "version": "0.13.9",
      "resolved": "https://registry.npmjs.org/regenerator-runtime/-/regenerator-runtime-0.13.9.tgz",
      "integrity": "sha512-p3VT+cOEgxFsRRA9X4lkI1E+k2/CtnKtU4gcxyaCUreilL/vqI6CdZ3wxVUx3UOUg+gnUOQQcRI7BmSI656MYA=="
    },
    "simple-excel-to-json": {
      "version": "2.3.0",
      "resolved": "https://registry.npmjs.org/simple-excel-to-json/-/simple-excel-to-json-2.3.0.tgz",
      "integrity": "sha512-nRTiV0na9c0cTvA+IS5AFjCAG6VkElzc9yMHawT5OxXNN45GtZOOrT7M9FhJoHmvM6t5G66Wfkk/nes+L19Wng==",
      "requires": {
        "lodash": "^4.17.21",
        "node-xlsx": "^0.16.0"
      }
    },
    "ssf": {
      "version": "0.11.2",
      "resolved": "https://registry.npmjs.org/ssf/-/ssf-0.11.2.tgz",
      "integrity": "sha512-+idbmIXoYET47hH+d7dfm2epdOMUDjqcB4648sTZ+t2JwoyBFL/insLfB/racrDmsKB3diwsDA696pZMieAC5g==",
      "requires": {
        "frac": "~1.1.2"
      }
    },
    "tslib": {
      "version": "2.3.1",
      "resolved": "https://registry.npmjs.org/tslib/-/tslib-2.3.1.tgz",
      "integrity": "sha512-77EbyPPpMz+FRFRuAFlWMtmgUWGe9UOG2Z25NqCwiIjRhOf5iKGuzSe5P2w1laq+FkRy4p+PCuVkJSGkzTEKVw=="
    },
    "universalify": {
      "version": "2.0.0",
      "resolved": "https://registry.npmjs.org/universalify/-/universalify-2.0.0.tgz",
      "integrity": "sha512-hAZsKq7Yy11Zu1DE0OzWjw7nnLZmJZYTDZZyEFHZdUhV8FkH5MCfoU1XMaxXovpyW5nq5scPqq0ZDP9Zyl04oQ=="
    },
    "wmf": {
      "version": "1.0.2",
      "resolved": "https://registry.npmjs.org/wmf/-/wmf-1.0.2.tgz",
      "integrity": "sha512-/p9K7bEh0Dj6WbXg4JG0xvLQmIadrner1bi45VMJTfnbVHsc7yIajZyoSoK60/dtVBs12Fm6WkUI5/3WAVsNMw=="
    },
    "word": {
      "version": "0.3.0",
      "resolved": "https://registry.npmjs.org/word/-/word-0.3.0.tgz",
      "integrity": "sha512-OELeY0Q61OXpdUfTp+oweA/vtLVg5VDOXh+3he3PNzLGG/y0oylSOC1xRVj0+l4vQ3tj/bB1HVHv1ocXkQceFA=="
    },
    "xlsx": {
      "version": "0.18.0",
      "resolved": "https://registry.npmjs.org/xlsx/-/xlsx-0.18.0.tgz",
      "integrity": "sha512-zQluErfRAr7ga2me77sIlDoljSrPCXnrNaiKo2+YFLtGkd0aW0Z9zfARVgNn9nytYBhsEjf6A+H5TogTeddscg==",
      "requires": {
        "adler-32": "~1.3.0",
        "cfb": "^1.1.4",
        "codepage": "~1.15.0",
        "crc-32": "~1.2.1",
        "ssf": "~0.11.2",
        "wmf": "~1.0.1",
        "word": "~0.3.0"
      }
    }
  }
}
